
Microsoft Visual Studio Solution File, Format Version 12.00
# Visual Studio Version 16
VisualStudioVersion = 16.0.29926.136
MinimumVisualStudioVersion = 10.0.40219.1
Project("{FAE04EC0-301F-11D3-BF4B-00C04F79EFBC}") = "TrabajoFInalFunda", "TrabajoFInalFunda\TrabajoFInalFunda.csproj", "{4492E069-9FE9-4C02-BF50-CBF59A05EE43}"
EndProject
Global
	GlobalSection(SolutionConfigurationPlatforms) = preSolution
		Debug|Any CPU = Debug|Any CPU
		Release|Any CPU = Release|Any CPU
	EndGlobalSection
	GlobalSection(ProjectConfigurationPlatforms) = postSolution
		{4492E069-9FE9-4C02-BF50-CBF59A05EE43}.Debug|Any CPU.ActiveCfg = Debug|Any CPU
		{4492E069-9FE9-4C02-BF50-CBF59A05EE43}.Debug|Any CPU.Build.0 = Debug|Any CPU
		{4492E069-9FE9-4C02-BF50-CBF59A05EE43}.Release|Any CPU.ActiveCfg = Release|Any CPU
		{4492E069-9FE9-4C02-BF50-CBF59A05EE43}.Release|Any CPU.Build.0 = Release|Any CPU
	EndGlobalSection
	GlobalSection(SolutionProperties) = preSolution
		HideSolutionNode = FALSE
	EndGlobalSection
	GlobalSection(ExtensibilityGlobals) = postSolution
		SolutionGuid = {977B0B53-05B5-4D2E-B85B-865ADD7A3E40}
	EndGlobalSection
EndGlobal
